
Microsoft Visual Studio Solution File, Format Version 12.00
# Visual Studio Version 16
VisualStudioVersion = 16.0.31129.286
MinimumVisualStudioVersion = 10.0.40219.1
Project("{FAE04EC0-301F-11D3-BF4B-00C04F79EFBC}") = "SQLServer-Crud", "SQLServer-Crud\SQLServer-Crud.csproj", "{C573F4E1-4CEC-4CA2-A242-43ADF2AFF2F2}"
EndProject
Global
	GlobalSection(SolutionConfigurationPlatforms) = preSolution
		Debug|Any CPU = Debug|Any CPU
		Release|Any CPU = Release|Any CPU
	EndGlobalSection
	GlobalSection(ProjectConfigurationPlatforms) = postSolution
		{C573F4E1-4CEC-4CA2-A242-43ADF2AFF2F2}.Debug|Any CPU.ActiveCfg = Debug|Any CPU
		{C573F4E1-4CEC-4CA2-A242-43ADF2AFF2F2}.Debug|Any CPU.Build.0 = Debug|Any CPU
		{C573F4E1-4CEC-4CA2-A242-43ADF2AFF2F2}.Release|Any CPU.ActiveCfg = Release|Any CPU
		{C573F4E1-4CEC-4CA2-A242-43ADF2AFF2F2}.Release|Any CPU.Build.0 = Release|Any CPU
	EndGlobalSection
	GlobalSection(SolutionProperties) = preSolution
		HideSolutionNode = FALSE
	EndGlobalSection
	GlobalSection(ExtensibilityGlobals) = postSolution
		SolutionGuid = {7F648DF7-A65E-4198-8BDA-C4A71D86E18C}
	EndGlobalSection
EndGlobal
